// !$*UTF8*$!
{
	archiveVersion = 1;
	classes = {
	};
	objectVersion = 46;
	objects = {

/* Begin PBXBuildFile section */
		0705FB7F1AAAE54500956B9B /* OLVUserInfo.m in Sources */ = {isa = PBXBuildFile; fileRef = 0705FB7E1AAAE54500956B9B /* OLVUserInfo.m */; };
		0705FB811AAAF06800956B9B /* ElastiCode.framework in Frameworks */ = {isa = PBXBuildFile; fileRef = 0705FB801AAAF06800956B9B /* ElastiCode.framework */; };
		0705FB881AAAF12300956B9B /* OLVDay.m in Sources */ = {isa = PBXBuildFile; fileRef = 0705FB831AAAF12300956B9B /* OLVDay.m */; };
		0705FB891AAAF12300956B9B /* OLVDayBalances.m in Sources */ = {isa = PBXBuildFile; fileRef = 0705FB851AAAF12300956B9B /* OLVDayBalances.m */; };
		0705FB8A1AAAF12300956B9B /* OLVDays.m in Sources */ = {isa = PBXBuildFile; fileRef = 0705FB871AAAF12300956B9B /* OLVDays.m */; };
		0705FB8E1AAB6F0500956B9B /* SWRevealViewController.m in Sources */ = {isa = PBXBuildFile; fileRef = 0705FB8D1AAB6F0500956B9B /* SWRevealViewController.m */; };
		0705FB941AAB701000956B9B /* OLVPastViewController.m in Sources */ = {isa = PBXBuildFile; fileRef = 0705FB921AAB701000956B9B /* OLVPastViewController.m */; };
		0705FB951AAB701000956B9B /* OLVPastViewController.xib in Resources */ = {isa = PBXBuildFile; fileRef = 0705FB931AAB701000956B9B /* OLVPastViewController.xib */; };
		0705FB9A1AAB703300956B9B /* OLVEstimateViewController.m in Sources */ = {isa = PBXBuildFile; fileRef = 0705FB981AAB703300956B9B /* OLVEstimateViewController.m */; };
		0705FB9B1AAB703300956B9B /* OLVEstimateViewController.xib in Resources */ = {isa = PBXBuildFile; fileRef = 0705FB991AAB703300956B9B /* OLVEstimateViewController.xib */; };
		0705FB9F1AAB705D00956B9B /* OLVPresentViewController.m in Sources */ = {isa = PBXBuildFile; fileRef = 0705FB9D1AAB705D00956B9B /* OLVPresentViewController.m */; };
		0705FBA01AAB705D00956B9B /* OLVPresentViewController.xib in Resources */ = {isa = PBXBuildFile; fileRef = 0705FB9E1AAB705D00956B9B /* OLVPresentViewController.xib */; };
		0705FBA51AAB709100956B9B /* OLVOliviaViewController.m in Sources */ = {isa = PBXBuildFile; fileRef = 0705FBA31AAB709100956B9B /* OLVOliviaViewController.m */; };
		0705FBA61AAB709100956B9B /* OLVOliviaViewController.xib in Resources */ = {isa = PBXBuildFile; fileRef = 0705FBA41AAB709100956B9B /* OLVOliviaViewController.xib */; };
		0705FBAA1AAB724C00956B9B /* OLVNavigationManager.m in Sources */ = {isa = PBXBuildFile; fileRef = 0705FBA91AAB724C00956B9B /* OLVNavigationManager.m */; };
		0705FBAD1AAB7DBA00956B9B /* list-icon@3x.png in Resources */ = {isa = PBXBuildFile; fileRef = 0705FBAC1AAB7DBA00956B9B /* list-icon@3x.png */; };
		0705FBAF1AAB98B700956B9B /* bar-graph-icon@3x.png in Resources */ = {isa = PBXBuildFile; fileRef = 0705FBAE1AAB98B600956B9B /* bar-graph-icon@3x.png */; };
		0705FBB11AAB991500956B9B /* estimate-icon@3x.png in Resources */ = {isa = PBXBuildFile; fileRef = 0705FBB01AAB991500956B9B /* estimate-icon@3x.png */; };
		0705FBBF1AAB9FB300956B9B /* Apache License.txt in Resources */ = {isa = PBXBuildFile; fileRef = 0705FBB41AAB9FB300956B9B /* Apache License.txt */; };
		0705FBC01AAB9FB300956B9B /* OpenSans-Bold.ttf in Resources */ = {isa = PBXBuildFile; fileRef = 0705FBB51AAB9FB300956B9B /* OpenSans-Bold.ttf */; };
		0705FBC11AAB9FB300956B9B /* OpenSans-BoldItalic.ttf in Resources */ = {isa = PBXBuildFile; fileRef = 0705FBB61AAB9FB300956B9B /* OpenSans-BoldItalic.ttf */; };
		0705FBC21AAB9FB300956B9B /* OpenSans-ExtraBold.ttf in Resources */ = {isa = PBXBuildFile; fileRef = 0705FBB71AAB9FB300956B9B /* OpenSans-ExtraBold.ttf */; };
		0705FBC31AAB9FB300956B9B /* OpenSans-ExtraBoldItalic.ttf in Resources */ = {isa = PBXBuildFile; fileRef = 0705FBB81AAB9FB300956B9B /* OpenSans-ExtraBoldItalic.ttf */; };
		0705FBC41AAB9FB300956B9B /* OpenSans-Italic.ttf in Resources */ = {isa = PBXBuildFile; fileRef = 0705FBB91AAB9FB300956B9B /* OpenSans-Italic.ttf */; };
		0705FBC51AAB9FB300956B9B /* OpenSans-Light.ttf in Resources */ = {isa = PBXBuildFile; fileRef = 0705FBBA1AAB9FB300956B9B /* OpenSans-Light.ttf */; };
		0705FBC61AAB9FB300956B9B /* OpenSans-LightItalic.ttf in Resources */ = {isa = PBXBuildFile; fileRef = 0705FBBB1AAB9FB300956B9B /* OpenSans-LightItalic.ttf */; };
		0705FBC71AAB9FB300956B9B /* OpenSans-Regular.ttf in Resources */ = {isa = PBXBuildFile; fileRef = 0705FBBC1AAB9FB300956B9B /* OpenSans-Regular.ttf */; };
		0705FBC81AAB9FB300956B9B /* OpenSans-Semibold.ttf in Resources */ = {isa = PBXBuildFile; fileRef = 0705FBBD1AAB9FB300956B9B /* OpenSans-Semibold.ttf */; };
		0705FBC91AAB9FB300956B9B /* OpenSans-SemiboldItalic.ttf in Resources */ = {isa = PBXBuildFile; fileRef = 0705FBBE1AAB9FB300956B9B /* OpenSans-SemiboldItalic.ttf */; };
		075F5DAC1AA9929E00187CC6 /* OLVAccounts.m in Sources */ = {isa = PBXBuildFile; fileRef = 075F5DAB1AA9929E00187CC6 /* OLVAccounts.m */; };
		075F5DAD1AA9929E00187CC6 /* OLVAccounts.m in Sources */ = {isa = PBXBuildFile; fileRef = 075F5DAB1AA9929E00187CC6 /* OLVAccounts.m */; };
		075F5DB01AA992C900187CC6 /* OLVAccount.m in Sources */ = {isa = PBXBuildFile; fileRef = 075F5DAF1AA992C900187CC6 /* OLVAccount.m */; };
		075F5DB11AA992C900187CC6 /* OLVAccount.m in Sources */ = {isa = PBXBuildFile; fileRef = 075F5DAF1AA992C900187CC6 /* OLVAccount.m */; };
		075F5DB41AA9935900187CC6 /* OLVTransactions.m in Sources */ = {isa = PBXBuildFile; fileRef = 075F5DB31AA9935900187CC6 /* OLVTransactions.m */; };
		075F5DB51AA9935900187CC6 /* OLVTransactions.m in Sources */ = {isa = PBXBuildFile; fileRef = 075F5DB31AA9935900187CC6 /* OLVTransactions.m */; };
		075F5DB81AA9939800187CC6 /* OLVTransaction.m in Sources */ = {isa = PBXBuildFile; fileRef = 075F5DB71AA9939800187CC6 /* OLVTransaction.m */; };
		075F5DB91AA9939800187CC6 /* OLVTransaction.m in Sources */ = {isa = PBXBuildFile; fileRef = 075F5DB71AA9939800187CC6 /* OLVTransaction.m */; };
		075F5DBC1AA99D3A00187CC6 /* OLVSimilarTransactions.m in Sources */ = {isa = PBXBuildFile; fileRef = 075F5DBB1AA99D3A00187CC6 /* OLVSimilarTransactions.m */; };
		075F5DBD1AA99D3A00187CC6 /* OLVSimilarTransactions.m in Sources */ = {isa = PBXBuildFile; fileRef = 075F5DBB1AA99D3A00187CC6 /* OLVSimilarTransactions.m */; };
		077330061AABB169008C7FDC /* BEMAnimations.m in Sources */ = {isa = PBXBuildFile; fileRef = 07732FFE1AABB169008C7FDC /* BEMAnimations.m */; };
		077330071AABB169008C7FDC /* BEMCircle.m in Sources */ = {isa = PBXBuildFile; fileRef = 077330001AABB169008C7FDC /* BEMCircle.m */; };
		077330081AABB169008C7FDC /* BEMLine.m in Sources */ = {isa = PBXBuildFile; fileRef = 077330021AABB169008C7FDC /* BEMLine.m */; };
		077330091AABB169008C7FDC /* BEMSimpleLineGraphView.m in Sources */ = {isa = PBXBuildFile; fileRef = 077330041AABB169008C7FDC /* BEMSimpleLineGraphView.m */; };
		0773300A1AABB169008C7FDC /* LICENSE in Resources */ = {isa = PBXBuildFile; fileRef = 077330051AABB169008C7FDC /* LICENSE */; };
		0773300E1AABC70A008C7FDC /* NSString+Olivia.m in Sources */ = {isa = PBXBuildFile; fileRef = 0773300D1AABC70A008C7FDC /* NSString+Olivia.m */; };
		079F87741AABFDB500283B68 /* OLVTransactionsViewController.m in Sources */ = {isa = PBXBuildFile; fileRef = 079F87721AABFDB500283B68 /* OLVTransactionsViewController.m */; };
		079F87751AABFDB500283B68 /* OLVTransactionsViewController.xib in Resources */ = {isa = PBXBuildFile; fileRef = 079F87731AABFDB500283B68 /* OLVTransactionsViewController.xib */; };
		079F87781AAC00E500283B68 /* OLVGoals.m in Sources */ = {isa = PBXBuildFile; fileRef = 079F87771AAC00E500283B68 /* OLVGoals.m */; };
		079F877B1AAC042500283B68 /* OLVRecurringBill.m in Sources */ = {isa = PBXBuildFile; fileRef = 079F877A1AAC042500283B68 /* OLVRecurringBill.m */; };
		07EC9E261AA9244200ECDBE9 /* main.m in Sources */ = {isa = PBXBuildFile; fileRef = 07EC9E251AA9244200ECDBE9 /* main.m */; };
		07EC9E291AA9244200ECDBE9 /* AppDelegate.m in Sources */ = {isa = PBXBuildFile; fileRef = 07EC9E281AA9244200ECDBE9 /* AppDelegate.m */; };
		07EC9E311AA9244200ECDBE9 /* Images.xcassets in Resources */ = {isa = PBXBuildFile; fileRef = 07EC9E301AA9244200ECDBE9 /* Images.xcassets */; };
		07EC9E341AA9244200ECDBE9 /* LaunchScreen.xib in Resources */ = {isa = PBXBuildFile; fileRef = 07EC9E321AA9244200ECDBE9 /* LaunchScreen.xib */; };
		07EC9E401AA9244200ECDBE9 /* OliviaTests.m in Sources */ = {isa = PBXBuildFile; fileRef = 07EC9E3F1AA9244200ECDBE9 /* OliviaTests.m */; };
		07EC9E4D1AA985DB00ECDBE9 /* WebServiceHelper.m in Sources */ = {isa = PBXBuildFile; fileRef = 07EC9E4C1AA985DB00ECDBE9 /* WebServiceHelper.m */; };
		413043221AAA5A7400834A89 /* ApiAIHelper.m in Sources */ = {isa = PBXBuildFile; fileRef = 413043211AAA5A7400834A89 /* ApiAIHelper.m */; };
		41C61AD71AAB844C00BE4626 /* OLVBubbleChatModel.m in Sources */ = {isa = PBXBuildFile; fileRef = 41C61AD61AAB844C00BE4626 /* OLVBubbleChatModel.m */; };
		41C61ADE1AAB852C00BE4626 /* OLVBubbleMessageViewController.m in Sources */ = {isa = PBXBuildFile; fileRef = 41C61ADC1AAB852C00BE4626 /* OLVBubbleMessageViewController.m */; };
		41C61ADF1AAB852C00BE4626 /* OLVBubbleMessageViewController.xib in Resources */ = {isa = PBXBuildFile; fileRef = 41C61ADD1AAB852C00BE4626 /* OLVBubbleMessageViewController.xib */; };
		41E620A51AAC10A0009465E5 /* OLVSpeechResponse.m in Sources */ = {isa = PBXBuildFile; fileRef = 41E620A41AAC10A0009465E5 /* OLVSpeechResponse.m */; };
		41E620A81AAC10E9009465E5 /* NSDictionary+Olivia.m in Sources */ = {isa = PBXBuildFile; fileRef = 41E620A71AAC10E9009465E5 /* NSDictionary+Olivia.m */; };
		41E620AB1AAC2098009465E5 /* OLVTextToSpeech.m in Sources */ = {isa = PBXBuildFile; fileRef = 41E620AA1AAC2098009465E5 /* OLVTextToSpeech.m */; };
		9742D503241F3BBBB30A4B4F /* Pods.framework in Frameworks */ = {isa = PBXBuildFile; fileRef = 0BC1D87E025034EB9431C0D6 /* Pods.framework */; settings = {ATTRIBUTES = (Weak, ); }; };
/* End PBXBuildFile section */

/* Begin PBXContainerItemProxy section */
		07EC9E3A1AA9244200ECDBE9 /* PBXContainerItemProxy */ = {
			isa = PBXContainerItemProxy;
			containerPortal = 07EC9E181AA9244200ECDBE9 /* Project object */;
			proxyType = 1;
			remoteGlobalIDString = 07EC9E1F1AA9244200ECDBE9;
			remoteInfo = Olivia;
		};
/* End PBXContainerItemProxy section */

/* Begin PBXFileReference section */
		01D4F950170B3743D5AD368C /* Pods.debug.xcconfig */ = {isa = PBXFileReference; includeInIndex = 1; lastKnownFileType = text.xcconfig; name = Pods.debug.xcconfig; path = "Pods/Target Support Files/Pods/Pods.debug.xcconfig"; sourceTree = "<group>"; };
		0705FB7D1AAAE54500956B9B /* OLVUserInfo.h */ = {isa = PBXFileReference; fileEncoding = 4; lastKnownFileType = sourcecode.c.h; path = OLVUserInfo.h; sourceTree = "<group>"; };
		0705FB7E1AAAE54500956B9B /* OLVUserInfo.m */ = {isa = PBXFileReference; fileEncoding = 4; lastKnownFileType = sourcecode.c.objc; path = OLVUserInfo.m; sourceTree = "<group>"; };
		0705FB801AAAF06800956B9B /* ElastiCode.framework */ = {isa = PBXFileReference; lastKnownFileType = wrapper.framework; path = ElastiCode.framework; sourceTree = "<group>"; };
		0705FB821AAAF12300956B9B /* OLVDay.h */ = {isa = PBXFileReference; fileEncoding = 4; lastKnownFileType = sourcecode.c.h; path = OLVDay.h; sourceTree = "<group>"; };
		0705FB831AAAF12300956B9B /* OLVDay.m */ = {isa = PBXFileReference; fileEncoding = 4; lastKnownFileType = sourcecode.c.objc; path = OLVDay.m; sourceTree = "<group>"; };
		0705FB841AAAF12300956B9B /* OLVDayBalances.h */ = {isa = PBXFileReference; fileEncoding = 4; lastKnownFileType = sourcecode.c.h; path = OLVDayBalances.h; sourceTree = "<group>"; };
		0705FB851AAAF12300956B9B /* OLVDayBalances.m */ = {isa = PBXFileReference; fileEncoding = 4; lastKnownFileType = sourcecode.c.objc; path = OLVDayBalances.m; sourceTree = "<group>"; };
		0705FB861AAAF12300956B9B /* OLVDays.h */ = {isa = PBXFileReference; fileEncoding = 4; lastKnownFileType = sourcecode.c.h; path = OLVDays.h; sourceTree = "<group>"; };
		0705FB871AAAF12300956B9B /* OLVDays.m */ = {isa = PBXFileReference; fileEncoding = 4; lastKnownFileType = sourcecode.c.objc; path = OLVDays.m; sourceTree = "<group>"; };
		0705FB8C1AAB6F0500956B9B /* SWRevealViewController.h */ = {isa = PBXFileReference; fileEncoding = 4; lastKnownFileType = sourcecode.c.h; path = SWRevealViewController.h; sourceTree = "<group>"; };
		0705FB8D1AAB6F0500956B9B /* SWRevealViewController.m */ = {isa = PBXFileReference; fileEncoding = 4; lastKnownFileType = sourcecode.c.objc; path = SWRevealViewController.m; sourceTree = "<group>"; };
		0705FB911AAB701000956B9B /* OLVPastViewController.h */ = {isa = PBXFileReference; fileEncoding = 4; lastKnownFileType = sourcecode.c.h; path = OLVPastViewController.h; sourceTree = "<group>"; };
		0705FB921AAB701000956B9B /* OLVPastViewController.m */ = {isa = PBXFileReference; fileEncoding = 4; lastKnownFileType = sourcecode.c.objc; path = OLVPastViewController.m; sourceTree = "<group>"; };
		0705FB931AAB701000956B9B /* OLVPastViewController.xib */ = {isa = PBXFileReference; fileEncoding = 4; lastKnownFileType = file.xib; path = OLVPastViewController.xib; sourceTree = "<group>"; };
		0705FB971AAB703300956B9B /* OLVEstimateViewController.h */ = {isa = PBXFileReference; fileEncoding = 4; lastKnownFileType = sourcecode.c.h; path = OLVEstimateViewController.h; sourceTree = "<group>"; };
		0705FB981AAB703300956B9B /* OLVEstimateViewController.m */ = {isa = PBXFileReference; fileEncoding = 4; lastKnownFileType = sourcecode.c.objc; path = OLVEstimateViewController.m; sourceTree = "<group>"; };
		0705FB991AAB703300956B9B /* OLVEstimateViewController.xib */ = {isa = PBXFileReference; fileEncoding = 4; lastKnownFileType = file.xib; path = OLVEstimateViewController.xib; sourceTree = "<group>"; };
		0705FB9C1AAB705D00956B9B /* OLVPresentViewController.h */ = {isa = PBXFileReference; fileEncoding = 4; lastKnownFileType = sourcecode.c.h; path = OLVPresentViewController.h; sourceTree = "<group>"; };
		0705FB9D1AAB705D00956B9B /* OLVPresentViewController.m */ = {isa = PBXFileReference; fileEncoding = 4; lastKnownFileType = sourcecode.c.objc; path = OLVPresentViewController.m; sourceTree = "<group>"; };
		0705FB9E1AAB705D00956B9B /* OLVPresentViewController.xib */ = {isa = PBXFileReference; fileEncoding = 4; lastKnownFileType = file.xib; path = OLVPresentViewController.xib; sourceTree = "<group>"; };
		0705FBA21AAB709100956B9B /* OLVOliviaViewController.h */ = {isa = PBXFileReference; fileEncoding = 4; lastKnownFileType = sourcecode.c.h; path = OLVOliviaViewController.h; sourceTree = "<group>"; };
		0705FBA31AAB709100956B9B /* OLVOliviaViewController.m */ = {isa = PBXFileReference; fileEncoding = 4; lastKnownFileType = sourcecode.c.objc; path = OLVOliviaViewController.m; sourceTree = "<group>"; };
		0705FBA41AAB709100956B9B /* OLVOliviaViewController.xib */ = {isa = PBXFileReference; fileEncoding = 4; lastKnownFileType = file.xib; path = OLVOliviaViewController.xib; sourceTree = "<group>"; };
		0705FBA81AAB724C00956B9B /* OLVNavigationManager.h */ = {isa = PBXFileReference; fileEncoding = 4; lastKnownFileType = sourcecode.c.h; path = OLVNavigationManager.h; sourceTree = "<group>"; };
		0705FBA91AAB724C00956B9B /* OLVNavigationManager.m */ = {isa = PBXFileReference; fileEncoding = 4; lastKnownFileType = sourcecode.c.objc; path = OLVNavigationManager.m; sourceTree = "<group>"; };
		0705FBAC1AAB7DBA00956B9B /* list-icon@3x.png */ = {isa = PBXFileReference; lastKnownFileType = image.png; path = "list-icon@3x.png"; sourceTree = "<group>"; };
		0705FBAE1AAB98B600956B9B /* bar-graph-icon@3x.png */ = {isa = PBXFileReference; lastKnownFileType = image.png; path = "bar-graph-icon@3x.png"; sourceTree = "<group>"; };
		0705FBB01AAB991500956B9B /* estimate-icon@3x.png */ = {isa = PBXFileReference; lastKnownFileType = image.png; path = "estimate-icon@3x.png"; sourceTree = "<group>"; };
		0705FBB41AAB9FB300956B9B /* Apache License.txt */ = {isa = PBXFileReference; fileEncoding = 4; lastKnownFileType = text; path = "Apache License.txt"; sourceTree = "<group>"; };
		0705FBB51AAB9FB300956B9B /* OpenSans-Bold.ttf */ = {isa = PBXFileReference; lastKnownFileType = file; path = "OpenSans-Bold.ttf"; sourceTree = "<group>"; };
		0705FBB61AAB9FB300956B9B /* OpenSans-BoldItalic.ttf */ = {isa = PBXFileReference; lastKnownFileType = file; path = "OpenSans-BoldItalic.ttf"; sourceTree = "<group>"; };
		0705FBB71AAB9FB300956B9B /* OpenSans-ExtraBold.ttf */ = {isa = PBXFileReference; lastKnownFileType = file; path = "OpenSans-ExtraBold.ttf"; sourceTree = "<group>"; };
		0705FBB81AAB9FB300956B9B /* OpenSans-ExtraBoldItalic.ttf */ = {isa = PBXFileReference; lastKnownFileType = file; path = "OpenSans-ExtraBoldItalic.ttf"; sourceTree = "<group>"; };
		0705FBB91AAB9FB300956B9B /* OpenSans-Italic.ttf */ = {isa = PBXFileReference; lastKnownFileType = file; path = "OpenSans-Italic.ttf"; sourceTree = "<group>"; };
		0705FBBA1AAB9FB300956B9B /* OpenSans-Light.ttf */ = {isa = PBXFileReference; lastKnownFileType = file; path = "OpenSans-Light.ttf"; sourceTree = "<group>"; };
		0705FBBB1AAB9FB300956B9B /* OpenSans-LightItalic.ttf */ = {isa = PBXFileReference; lastKnownFileType = file; path = "OpenSans-LightItalic.ttf"; sourceTree = "<group>"; };
		0705FBBC1AAB9FB300956B9B /* OpenSans-Regular.ttf */ = {isa = PBXFileReference; lastKnownFileType = file; path = "OpenSans-Regular.ttf"; sourceTree = "<group>"; };
		0705FBBD1AAB9FB300956B9B /* OpenSans-Semibold.ttf */ = {isa = PBXFileReference; lastKnownFileType = file; path = "OpenSans-Semibold.ttf"; sourceTree = "<group>"; };
		0705FBBE1AAB9FB300956B9B /* OpenSans-SemiboldItalic.ttf */ = {isa = PBXFileReference; lastKnownFileType = file; path = "OpenSans-SemiboldItalic.ttf"; sourceTree = "<group>"; };
		075F5DAA1AA9929E00187CC6 /* OLVAccounts.h */ = {isa = PBXFileReference; fileEncoding = 4; lastKnownFileType = sourcecode.c.h; path = OLVAccounts.h; sourceTree = "<group>"; };
		075F5DAB1AA9929E00187CC6 /* OLVAccounts.m */ = {isa = PBXFileReference; fileEncoding = 4; lastKnownFileType = sourcecode.c.objc; path = OLVAccounts.m; sourceTree = "<group>"; };
		075F5DAE1AA992C900187CC6 /* OLVAccount.h */ = {isa = PBXFileReference; fileEncoding = 4; lastKnownFileType = sourcecode.c.h; path = OLVAccount.h; sourceTree = "<group>"; };
		075F5DAF1AA992C900187CC6 /* OLVAccount.m */ = {isa = PBXFileReference; fileEncoding = 4; lastKnownFileType = sourcecode.c.objc; path = OLVAccount.m; sourceTree = "<group>"; };
		075F5DB21AA9935900187CC6 /* OLVTransactions.h */ = {isa = PBXFileReference; fileEncoding = 4; lastKnownFileType = sourcecode.c.h; path = OLVTransactions.h; sourceTree = "<group>"; };
		075F5DB31AA9935900187CC6 /* OLVTransactions.m */ = {isa = PBXFileReference; fileEncoding = 4; lastKnownFileType = sourcecode.c.objc; path = OLVTransactions.m; sourceTree = "<group>"; };
		075F5DB61AA9939800187CC6 /* OLVTransaction.h */ = {isa = PBXFileReference; fileEncoding = 4; lastKnownFileType = sourcecode.c.h; path = OLVTransaction.h; sourceTree = "<group>"; };
		075F5DB71AA9939800187CC6 /* OLVTransaction.m */ = {isa = PBXFileReference; fileEncoding = 4; lastKnownFileType = sourcecode.c.objc; path = OLVTransaction.m; sourceTree = "<group>"; };
		075F5DBA1AA99D3A00187CC6 /* OLVSimilarTransactions.h */ = {isa = PBXFileReference; fileEncoding = 4; lastKnownFileType = sourcecode.c.h; path = OLVSimilarTransactions.h; sourceTree = "<group>"; };
		075F5DBB1AA99D3A00187CC6 /* OLVSimilarTransactions.m */ = {isa = PBXFileReference; fileEncoding = 4; lastKnownFileType = sourcecode.c.objc; path = OLVSimilarTransactions.m; sourceTree = "<group>"; };
		07732FFD1AABB169008C7FDC /* BEMAnimations.h */ = {isa = PBXFileReference; fileEncoding = 4; lastKnownFileType = sourcecode.c.h; path = BEMAnimations.h; sourceTree = "<group>"; };
		07732FFE1AABB169008C7FDC /* BEMAnimations.m */ = {isa = PBXFileReference; fileEncoding = 4; lastKnownFileType = sourcecode.c.objc; path = BEMAnimations.m; sourceTree = "<group>"; };
		07732FFF1AABB169008C7FDC /* BEMCircle.h */ = {isa = PBXFileReference; fileEncoding = 4; lastKnownFileType = sourcecode.c.h; path = BEMCircle.h; sourceTree = "<group>"; };
		077330001AABB169008C7FDC /* BEMCircle.m */ = {isa = PBXFileReference; fileEncoding = 4; lastKnownFileType = sourcecode.c.objc; path = BEMCircle.m; sourceTree = "<group>"; };
		077330011AABB169008C7FDC /* BEMLine.h */ = {isa = PBXFileReference; fileEncoding = 4; lastKnownFileType = sourcecode.c.h; path = BEMLine.h; sourceTree = "<group>"; };
		077330021AABB169008C7FDC /* BEMLine.m */ = {isa = PBXFileReference; fileEncoding = 4; lastKnownFileType = sourcecode.c.objc; path = BEMLine.m; sourceTree = "<group>"; };
		077330031AABB169008C7FDC /* BEMSimpleLineGraphView.h */ = {isa = PBXFileReference; fileEncoding = 4; lastKnownFileType = sourcecode.c.h; path = BEMSimpleLineGraphView.h; sourceTree = "<group>"; };
		077330041AABB169008C7FDC /* BEMSimpleLineGraphView.m */ = {isa = PBXFileReference; fileEncoding = 4; lastKnownFileType = sourcecode.c.objc; path = BEMSimpleLineGraphView.m; sourceTree = "<group>"; };
		077330051AABB169008C7FDC /* LICENSE */ = {isa = PBXFileReference; fileEncoding = 4; lastKnownFileType = text; path = LICENSE; sourceTree = "<group>"; };
		0773300C1AABC70A008C7FDC /* NSString+Olivia.h */ = {isa = PBXFileReference; fileEncoding = 4; lastKnownFileType = sourcecode.c.h; path = "NSString+Olivia.h"; sourceTree = "<group>"; };
		0773300D1AABC70A008C7FDC /* NSString+Olivia.m */ = {isa = PBXFileReference; fileEncoding = 4; lastKnownFileType = sourcecode.c.objc; path = "NSString+Olivia.m"; sourceTree = "<group>"; };
		079F87711AABFDB500283B68 /* OLVTransactionsViewController.h */ = {isa = PBXFileReference; fileEncoding = 4; lastKnownFileType = sourcecode.c.h; path = OLVTransactionsViewController.h; sourceTree = "<group>"; };
		079F87721AABFDB500283B68 /* OLVTransactionsViewController.m */ = {isa = PBXFileReference; fileEncoding = 4; lastKnownFileType = sourcecode.c.objc; path = OLVTransactionsViewController.m; sourceTree = "<group>"; };
		079F87731AABFDB500283B68 /* OLVTransactionsViewController.xib */ = {isa = PBXFileReference; fileEncoding = 4; lastKnownFileType = file.xib; path = OLVTransactionsViewController.xib; sourceTree = "<group>"; };
		079F87761AAC00E500283B68 /* OLVGoals.h */ = {isa = PBXFileReference; fileEncoding = 4; lastKnownFileType = sourcecode.c.h; path = OLVGoals.h; sourceTree = "<group>"; };
		079F87771AAC00E500283B68 /* OLVGoals.m */ = {isa = PBXFileReference; fileEncoding = 4; lastKnownFileType = sourcecode.c.objc; path = OLVGoals.m; sourceTree = "<group>"; };
		079F87791AAC042500283B68 /* OLVRecurringBill.h */ = {isa = PBXFileReference; fileEncoding = 4; lastKnownFileType = sourcecode.c.h; path = OLVRecurringBill.h; sourceTree = "<group>"; };
		079F877A1AAC042500283B68 /* OLVRecurringBill.m */ = {isa = PBXFileReference; fileEncoding = 4; lastKnownFileType = sourcecode.c.objc; path = OLVRecurringBill.m; sourceTree = "<group>"; };
		07EC9E201AA9244200ECDBE9 /* Olivia.app */ = {isa = PBXFileReference; explicitFileType = wrapper.application; includeInIndex = 0; path = Olivia.app; sourceTree = BUILT_PRODUCTS_DIR; };
		07EC9E241AA9244200ECDBE9 /* Info.plist */ = {isa = PBXFileReference; lastKnownFileType = text.plist.xml; path = Info.plist; sourceTree = "<group>"; };
		07EC9E251AA9244200ECDBE9 /* main.m */ = {isa = PBXFileReference; lastKnownFileType = sourcecode.c.objc; path = main.m; sourceTree = "<group>"; };
		07EC9E271AA9244200ECDBE9 /* AppDelegate.h */ = {isa = PBXFileReference; lastKnownFileType = sourcecode.c.h; path = AppDelegate.h; sourceTree = "<group>"; };
		07EC9E281AA9244200ECDBE9 /* AppDelegate.m */ = {isa = PBXFileReference; lastKnownFileType = sourcecode.c.objc; path = AppDelegate.m; sourceTree = "<group>"; };
		07EC9E301AA9244200ECDBE9 /* Images.xcassets */ = {isa = PBXFileReference; lastKnownFileType = folder.assetcatalog; path = Images.xcassets; sourceTree = "<group>"; };
		07EC9E331AA9244200ECDBE9 /* Base */ = {isa = PBXFileReference; lastKnownFileType = file.xib; name = Base; path = Base.lproj/LaunchScreen.xib; sourceTree = "<group>"; };
		07EC9E391AA9244200ECDBE9 /* OliviaTests.xctest */ = {isa = PBXFileReference; explicitFileType = wrapper.cfbundle; includeInIndex = 0; path = OliviaTests.xctest; sourceTree = BUILT_PRODUCTS_DIR; };
		07EC9E3E1AA9244200ECDBE9 /* Info.plist */ = {isa = PBXFileReference; lastKnownFileType = text.plist.xml; path = Info.plist; sourceTree = "<group>"; };
		07EC9E3F1AA9244200ECDBE9 /* OliviaTests.m */ = {isa = PBXFileReference; lastKnownFileType = sourcecode.c.objc; path = OliviaTests.m; sourceTree = "<group>"; };
		07EC9E4B1AA985DB00ECDBE9 /* WebServiceHelper.h */ = {isa = PBXFileReference; fileEncoding = 4; lastKnownFileType = sourcecode.c.h; path = WebServiceHelper.h; sourceTree = "<group>"; };
		07EC9E4C1AA985DB00ECDBE9 /* WebServiceHelper.m */ = {isa = PBXFileReference; fileEncoding = 4; lastKnownFileType = sourcecode.c.objc; path = WebServiceHelper.m; sourceTree = "<group>"; };
		07EC9E4E1AA98C1000ECDBE9 /* Olivia-Prefix.pch */ = {isa = PBXFileReference; lastKnownFileType = sourcecode.c.h; path = "Olivia-Prefix.pch"; sourceTree = "<group>"; };
		0BC1D87E025034EB9431C0D6 /* Pods.framework */ = {isa = PBXFileReference; explicitFileType = wrapper.framework; includeInIndex = 0; path = Pods.framework; sourceTree = BUILT_PRODUCTS_DIR; };
		413043201AAA5A7400834A89 /* ApiAIHelper.h */ = {isa = PBXFileReference; fileEncoding = 4; lastKnownFileType = sourcecode.c.h; path = ApiAIHelper.h; sourceTree = "<group>"; };
		413043211AAA5A7400834A89 /* ApiAIHelper.m */ = {isa = PBXFileReference; fileEncoding = 4; lastKnownFileType = sourcecode.c.objc; path = ApiAIHelper.m; sourceTree = "<group>"; };
		413043251AAA786800834A89 /* Constants.h */ = {isa = PBXFileReference; lastKnownFileType = sourcecode.c.h; path = Constants.h; sourceTree = "<group>"; };
		41C61AD51AAB844C00BE4626 /* OLVBubbleChatModel.h */ = {isa = PBXFileReference; fileEncoding = 4; lastKnownFileType = sourcecode.c.h; path = OLVBubbleChatModel.h; sourceTree = "<group>"; };
		41C61AD61AAB844C00BE4626 /* OLVBubbleChatModel.m */ = {isa = PBXFileReference; fileEncoding = 4; lastKnownFileType = sourcecode.c.objc; path = OLVBubbleChatModel.m; sourceTree = "<group>"; };
		41C61ADB1AAB852C00BE4626 /* OLVBubbleMessageViewController.h */ = {isa = PBXFileReference; fileEncoding = 4; lastKnownFileType = sourcecode.c.h; path = OLVBubbleMessageViewController.h; sourceTree = "<group>"; };
		41C61ADC1AAB852C00BE4626 /* OLVBubbleMessageViewController.m */ = {isa = PBXFileReference; fileEncoding = 4; lastKnownFileType = sourcecode.c.objc; path = OLVBubbleMessageViewController.m; sourceTree = "<group>"; };
		41C61ADD1AAB852C00BE4626 /* OLVBubbleMessageViewController.xib */ = {isa = PBXFileReference; fileEncoding = 4; lastKnownFileType = file.xib; path = OLVBubbleMessageViewController.xib; sourceTree = "<group>"; };
		41E620A31AAC10A0009465E5 /* OLVSpeechResponse.h */ = {isa = PBXFileReference; fileEncoding = 4; lastKnownFileType = sourcecode.c.h; path = OLVSpeechResponse.h; sourceTree = "<group>"; };
		41E620A41AAC10A0009465E5 /* OLVSpeechResponse.m */ = {isa = PBXFileReference; fileEncoding = 4; lastKnownFileType = sourcecode.c.objc; path = OLVSpeechResponse.m; sourceTree = "<group>"; };
		41E620A61AAC10E9009465E5 /* NSDictionary+Olivia.h */ = {isa = PBXFileReference; fileEncoding = 4; lastKnownFileType = sourcecode.c.h; path = "NSDictionary+Olivia.h"; sourceTree = "<group>"; };
		41E620A71AAC10E9009465E5 /* NSDictionary+Olivia.m */ = {isa = PBXFileReference; fileEncoding = 4; lastKnownFileType = sourcecode.c.objc; path = "NSDictionary+Olivia.m"; sourceTree = "<group>"; };
		41E620A91AAC2098009465E5 /* OLVTextToSpeech.h */ = {isa = PBXFileReference; fileEncoding = 4; lastKnownFileType = sourcecode.c.h; path = OLVTextToSpeech.h; sourceTree = "<group>"; };
		41E620AA1AAC2098009465E5 /* OLVTextToSpeech.m */ = {isa = PBXFileReference; fileEncoding = 4; lastKnownFileType = sourcecode.c.objc; path = OLVTextToSpeech.m; sourceTree = "<group>"; };
		851A4E16C8CAEBF8936C6E7B /* Pods.release.xcconfig */ = {isa = PBXFileReference; includeInIndex = 1; lastKnownFileType = text.xcconfig; name = Pods.release.xcconfig; path = "Pods/Target Support Files/Pods/Pods.release.xcconfig"; sourceTree = "<group>"; };
		905E178213183DD07F5CAAD5 /* libPods.a */ = {isa = PBXFileReference; explicitFileType = archive.ar; includeInIndex = 0; path = libPods.a; sourceTree = BUILT_PRODUCTS_DIR; };
/* End PBXFileReference section */

/* Begin PBXFrameworksBuildPhase section */
		07EC9E1D1AA9244200ECDBE9 /* Frameworks */ = {
			isa = PBXFrameworksBuildPhase;
			buildActionMask = 2147483647;
			files = (
				9742D503241F3BBBB30A4B4F /* Pods.framework in Frameworks */,
				0705FB811AAAF06800956B9B /* ElastiCode.framework in Frameworks */,
			);
			runOnlyForDeploymentPostprocessing = 0;
		};
		07EC9E361AA9244200ECDBE9 /* Frameworks */ = {
			isa = PBXFrameworksBuildPhase;
			buildActionMask = 2147483647;
			files = (
			);
			runOnlyForDeploymentPostprocessing = 0;
		};
/* End PBXFrameworksBuildPhase section */

/* Begin PBXGroup section */
		0705FB8B1AAB6F0500956B9B /* SWRevealViewController */ = {
			isa = PBXGroup;
			children = (
				0705FB8C1AAB6F0500956B9B /* SWRevealViewController.h */,
				0705FB8D1AAB6F0500956B9B /* SWRevealViewController.m */,
			);
			path = SWRevealViewController;
			sourceTree = "<group>";
		};
		0705FB901AAB6FDB00956B9B /* PastViewController */ = {
			isa = PBXGroup;
			children = (
				0705FB911AAB701000956B9B /* OLVPastViewController.h */,
				0705FB921AAB701000956B9B /* OLVPastViewController.m */,
				0705FB931AAB701000956B9B /* OLVPastViewController.xib */,
				079F87711AABFDB500283B68 /* OLVTransactionsViewController.h */,
				079F87721AABFDB500283B68 /* OLVTransactionsViewController.m */,
				079F87731AABFDB500283B68 /* OLVTransactionsViewController.xib */,
			);
			name = PastViewController;
			sourceTree = "<group>";
		};
		0705FB961AAB701500956B9B /* EstimateViewController */ = {
			isa = PBXGroup;
			children = (
				0705FB971AAB703300956B9B /* OLVEstimateViewController.h */,
				0705FB981AAB703300956B9B /* OLVEstimateViewController.m */,
				0705FB991AAB703300956B9B /* OLVEstimateViewController.xib */,
			);
			name = EstimateViewController;
			sourceTree = "<group>";
		};
		0705FBA11AAB706600956B9B /* PresentViewController */ = {
			isa = PBXGroup;
			children = (
				0705FB9C1AAB705D00956B9B /* OLVPresentViewController.h */,
				0705FB9D1AAB705D00956B9B /* OLVPresentViewController.m */,
				0705FB9E1AAB705D00956B9B /* OLVPresentViewController.xib */,
			);
			name = PresentViewController;
			sourceTree = "<group>";
		};
		0705FBA71AAB709900956B9B /* OliviaViewController */ = {
			isa = PBXGroup;
			children = (
				0705FBA21AAB709100956B9B /* OLVOliviaViewController.h */,
				0705FBA31AAB709100956B9B /* OLVOliviaViewController.m */,
				0705FBA41AAB709100956B9B /* OLVOliviaViewController.xib */,
			);
			name = OliviaViewController;
			sourceTree = "<group>";
		};
		0705FBAB1AAB7DB500956B9B /* Resources */ = {
			isa = PBXGroup;
			children = (
				0705FBB21AAB9FB300956B9B /* Fonts */,
				0705FBB01AAB991500956B9B /* estimate-icon@3x.png */,
				0705FBAE1AAB98B600956B9B /* bar-graph-icon@3x.png */,
				0705FBAC1AAB7DBA00956B9B /* list-icon@3x.png */,
			);
			path = Resources;
			sourceTree = "<group>";
		};
		0705FBB21AAB9FB300956B9B /* Fonts */ = {
			isa = PBXGroup;
			children = (
				0705FBB31AAB9FB300956B9B /* open-sans */,
			);
			path = Fonts;
			sourceTree = "<group>";
		};
		0705FBB31AAB9FB300956B9B /* open-sans */ = {
			isa = PBXGroup;
			children = (
				0705FBB41AAB9FB300956B9B /* Apache License.txt */,
				0705FBB51AAB9FB300956B9B /* OpenSans-Bold.ttf */,
				0705FBB61AAB9FB300956B9B /* OpenSans-BoldItalic.ttf */,
				0705FBB71AAB9FB300956B9B /* OpenSans-ExtraBold.ttf */,
				0705FBB81AAB9FB300956B9B /* OpenSans-ExtraBoldItalic.ttf */,
				0705FBB91AAB9FB300956B9B /* OpenSans-Italic.ttf */,
				0705FBBA1AAB9FB300956B9B /* OpenSans-Light.ttf */,
				0705FBBB1AAB9FB300956B9B /* OpenSans-LightItalic.ttf */,
				0705FBBC1AAB9FB300956B9B /* OpenSans-Regular.ttf */,
				0705FBBD1AAB9FB300956B9B /* OpenSans-Semibold.ttf */,
				0705FBBE1AAB9FB300956B9B /* OpenSans-SemiboldItalic.ttf */,
			);
			path = "open-sans";
			sourceTree = "<group>";
		};
		075F5DA01AA9912600187CC6 /* Models */ = {
			isa = PBXGroup;
			children = (
				41E620A21AAC1085009465E5 /* ApiAIModel */,
				41C61AD41AAB841800BE4626 /* BubbleMessageModel */,
				075F5DA91AA9929900187CC6 /* LevelOneAPIModel */,
			);
			path = Models;
			sourceTree = "<group>";
		};
		075F5DA91AA9929900187CC6 /* LevelOneAPIModel */ = {
			isa = PBXGroup;
			children = (
				0705FB821AAAF12300956B9B /* OLVDay.h */,
				0705FB831AAAF12300956B9B /* OLVDay.m */,
				0705FB841AAAF12300956B9B /* OLVDayBalances.h */,
				0705FB851AAAF12300956B9B /* OLVDayBalances.m */,
				0705FB861AAAF12300956B9B /* OLVDays.h */,
				0705FB871AAAF12300956B9B /* OLVDays.m */,
				075F5DAE1AA992C900187CC6 /* OLVAccount.h */,
				075F5DAF1AA992C900187CC6 /* OLVAccount.m */,
				075F5DAA1AA9929E00187CC6 /* OLVAccounts.h */,
				075F5DAB1AA9929E00187CC6 /* OLVAccounts.m */,
				075F5DB21AA9935900187CC6 /* OLVTransactions.h */,
				075F5DB31AA9935900187CC6 /* OLVTransactions.m */,
				075F5DB61AA9939800187CC6 /* OLVTransaction.h */,
				075F5DB71AA9939800187CC6 /* OLVTransaction.m */,
				075F5DBA1AA99D3A00187CC6 /* OLVSimilarTransactions.h */,
				075F5DBB1AA99D3A00187CC6 /* OLVSimilarTransactions.m */,
				0705FB7D1AAAE54500956B9B /* OLVUserInfo.h */,
				0705FB7E1AAAE54500956B9B /* OLVUserInfo.m */,
				079F87761AAC00E500283B68 /* OLVGoals.h */,
				079F87771AAC00E500283B68 /* OLVGoals.m */,
				079F87791AAC042500283B68 /* OLVRecurringBill.h */,
				079F877A1AAC042500283B68 /* OLVRecurringBill.m */,
			);
			path = LevelOneAPIModel;
			sourceTree = "<group>";
		};
		07732FFC1AABB169008C7FDC /* BEMSimpleLineGraph */ = {
			isa = PBXGroup;
			children = (
				07732FFD1AABB169008C7FDC /* BEMAnimations.h */,
				07732FFE1AABB169008C7FDC /* BEMAnimations.m */,
				07732FFF1AABB169008C7FDC /* BEMCircle.h */,
				077330001AABB169008C7FDC /* BEMCircle.m */,
				077330011AABB169008C7FDC /* BEMLine.h */,
				077330021AABB169008C7FDC /* BEMLine.m */,
				077330031AABB169008C7FDC /* BEMSimpleLineGraphView.h */,
				077330041AABB169008C7FDC /* BEMSimpleLineGraphView.m */,
				077330051AABB169008C7FDC /* LICENSE */,
			);
			path = BEMSimpleLineGraph;
			sourceTree = "<group>";
		};
		0773300B1AABC6C5008C7FDC /* Utilities */ = {
			isa = PBXGroup;
			children = (
				0773300C1AABC70A008C7FDC /* NSString+Olivia.h */,
				0773300D1AABC70A008C7FDC /* NSString+Olivia.m */,
				41E620A61AAC10E9009465E5 /* NSDictionary+Olivia.h */,
				41E620A71AAC10E9009465E5 /* NSDictionary+Olivia.m */,
				41E620A91AAC2098009465E5 /* OLVTextToSpeech.h */,
				41E620AA1AAC2098009465E5 /* OLVTextToSpeech.m */,
			);
			name = Utilities;
			sourceTree = "<group>";
		};
		07EC9E171AA9244200ECDBE9 = {
			isa = PBXGroup;
			children = (
				07EC9E221AA9244200ECDBE9 /* Olivia */,
				07EC9E3C1AA9244200ECDBE9 /* OliviaTests */,
				07EC9E211AA9244200ECDBE9 /* Products */,
				8D37A658090F96EFC634ECE8 /* Pods */,
				6954A1C74F3D40B02F3353F9 /* Frameworks */,
			);
			sourceTree = "<group>";
		};
		07EC9E211AA9244200ECDBE9 /* Products */ = {
			isa = PBXGroup;
			children = (
				07EC9E201AA9244200ECDBE9 /* Olivia.app */,
				07EC9E391AA9244200ECDBE9 /* OliviaTests.xctest */,
			);
			name = Products;
			sourceTree = "<group>";
		};
		07EC9E221AA9244200ECDBE9 /* Olivia */ = {
			isa = PBXGroup;
			children = (
				0773300B1AABC6C5008C7FDC /* Utilities */,
				0705FBAB1AAB7DB500956B9B /* Resources */,
				413043241AAA5AB800834A89 /* API */,
				413043231AAA5A9900834A89 /* Controller */,
				075F5DA01AA9912600187CC6 /* Models */,
				07EC9E231AA9244200ECDBE9 /* Supporting Files */,
				07EC9E4A1AA985BD00ECDBE9 /* WebServices */,
			);
			path = Olivia;
			sourceTree = "<group>";
		};
		07EC9E231AA9244200ECDBE9 /* Supporting Files */ = {
			isa = PBXGroup;
			children = (
				413043251AAA786800834A89 /* Constants.h */,
				07EC9E271AA9244200ECDBE9 /* AppDelegate.h */,
				07EC9E281AA9244200ECDBE9 /* AppDelegate.m */,
				07EC9E301AA9244200ECDBE9 /* Images.xcassets */,
				07EC9E321AA9244200ECDBE9 /* LaunchScreen.xib */,
				07EC9E241AA9244200ECDBE9 /* Info.plist */,
				07EC9E251AA9244200ECDBE9 /* main.m */,
				07EC9E4E1AA98C1000ECDBE9 /* Olivia-Prefix.pch */,
			);
			name = "Supporting Files";
			sourceTree = "<group>";
		};
		07EC9E3C1AA9244200ECDBE9 /* OliviaTests */ = {
			isa = PBXGroup;
			children = (
				07EC9E3F1AA9244200ECDBE9 /* OliviaTests.m */,
				07EC9E3D1AA9244200ECDBE9 /* Supporting Files */,
			);
			path = OliviaTests;
			sourceTree = "<group>";
		};
		07EC9E3D1AA9244200ECDBE9 /* Supporting Files */ = {
			isa = PBXGroup;
			children = (
				07EC9E3E1AA9244200ECDBE9 /* Info.plist */,
			);
			name = "Supporting Files";
			sourceTree = "<group>";
		};
		07EC9E4A1AA985BD00ECDBE9 /* WebServices */ = {
			isa = PBXGroup;
			children = (
				07EC9E4B1AA985DB00ECDBE9 /* WebServiceHelper.h */,
				07EC9E4C1AA985DB00ECDBE9 /* WebServiceHelper.m */,
			);
			path = WebServices;
			sourceTree = "<group>";
		};
		413043231AAA5A9900834A89 /* Controller */ = {
			isa = PBXGroup;
			children = (
				41C61AD31AAB840400BE4626 /* BubbleMessageController */,
				0705FBA11AAB706600956B9B /* PresentViewController */,
				0705FBA71AAB709900956B9B /* OliviaViewController */,
				0705FB901AAB6FDB00956B9B /* PastViewController */,
				0705FB961AAB701500956B9B /* EstimateViewController */,
				0705FBA81AAB724C00956B9B /* OLVNavigationManager.h */,
				0705FBA91AAB724C00956B9B /* OLVNavigationManager.m */,
			);
			name = Controller;
			sourceTree = "<group>";
		};
		413043241AAA5AB800834A89 /* API */ = {
			isa = PBXGroup;
			children = (
				413043201AAA5A7400834A89 /* ApiAIHelper.h */,
				413043211AAA5A7400834A89 /* ApiAIHelper.m */,
			);
			name = API;
			sourceTree = "<group>";
		};
		41C61AD31AAB840400BE4626 /* BubbleMessageController */ = {
			isa = PBXGroup;
			children = (
				41C61ADB1AAB852C00BE4626 /* OLVBubbleMessageViewController.h */,
				41C61ADC1AAB852C00BE4626 /* OLVBubbleMessageViewController.m */,
				41C61ADD1AAB852C00BE4626 /* OLVBubbleMessageViewController.xib */,
			);
			name = BubbleMessageController;
			sourceTree = "<group>";
		};
		41C61AD41AAB841800BE4626 /* BubbleMessageModel */ = {
			isa = PBXGroup;
			children = (
				41C61AD51AAB844C00BE4626 /* OLVBubbleChatModel.h */,
				41C61AD61AAB844C00BE4626 /* OLVBubbleChatModel.m */,
			);
			name = BubbleMessageModel;
			sourceTree = "<group>";
		};
		41E620A21AAC1085009465E5 /* ApiAIModel */ = {
			isa = PBXGroup;
			children = (
				41E620A31AAC10A0009465E5 /* OLVSpeechResponse.h */,
				41E620A41AAC10A0009465E5 /* OLVSpeechResponse.m */,
			);
			name = ApiAIModel;
			sourceTree = "<group>";
		};
		6954A1C74F3D40B02F3353F9 /* Frameworks */ = {
			isa = PBXGroup;
			children = (
				07732FFC1AABB169008C7FDC /* BEMSimpleLineGraph */,
				0705FB8B1AAB6F0500956B9B /* SWRevealViewController */,
				0705FB801AAAF06800956B9B /* ElastiCode.framework */,
				0BC1D87E025034EB9431C0D6 /* Pods.framework */,
				905E178213183DD07F5CAAD5 /* libPods.a */,
			);
			name = Frameworks;
			sourceTree = "<group>";
		};
		8D37A658090F96EFC634ECE8 /* Pods */ = {
			isa = PBXGroup;
			children = (
				01D4F950170B3743D5AD368C /* Pods.debug.xcconfig */,
				851A4E16C8CAEBF8936C6E7B /* Pods.release.xcconfig */,
			);
			name = Pods;
			sourceTree = "<group>";
		};
/* End PBXGroup section */

/* Begin PBXNativeTarget section */
		07EC9E1F1AA9244200ECDBE9 /* Olivia */ = {
			isa = PBXNativeTarget;
			buildConfigurationList = 07EC9E431AA9244200ECDBE9 /* Build configuration list for PBXNativeTarget "Olivia" */;
			buildPhases = (
				874B069CCC104708DC99D7FE /* Check Pods Manifest.lock */,
				07EC9E1C1AA9244200ECDBE9 /* Sources */,
				07EC9E1D1AA9244200ECDBE9 /* Frameworks */,
				07EC9E1E1AA9244200ECDBE9 /* Resources */,
				89485C3885299B54FB3F0657 /* Copy Pods Resources */,
				51185F9B1D14DB14323261F3 /* Embed Pods Frameworks */,
			);
			buildRules = (
			);
			dependencies = (
			);
			name = Olivia;
			productName = Olivia;
			productReference = 07EC9E201AA9244200ECDBE9 /* Olivia.app */;
			productType = "com.apple.product-type.application";
		};
		07EC9E381AA9244200ECDBE9 /* OliviaTests */ = {
			isa = PBXNativeTarget;
			buildConfigurationList = 07EC9E461AA9244200ECDBE9 /* Build configuration list for PBXNativeTarget "OliviaTests" */;
			buildPhases = (
				07EC9E351AA9244200ECDBE9 /* Sources */,
				07EC9E361AA9244200ECDBE9 /* Frameworks */,
				07EC9E371AA9244200ECDBE9 /* Resources */,
			);
			buildRules = (
			);
			dependencies = (
				07EC9E3B1AA9244200ECDBE9 /* PBXTargetDependency */,
			);
			name = OliviaTests;
			productName = OliviaTests;
			productReference = 07EC9E391AA9244200ECDBE9 /* OliviaTests.xctest */;
			productType = "com.apple.product-type.bundle.unit-test";
		};
/* End PBXNativeTarget section */

/* Begin PBXProject section */
		07EC9E181AA9244200ECDBE9 /* Project object */ = {
			isa = PBXProject;
			attributes = {
				CLASSPREFIX = OLV;
				LastUpgradeCheck = 0610;
				ORGANIZATIONNAME = "Jaikumar Bhambhwani";
				TargetAttributes = {
					07EC9E1F1AA9244200ECDBE9 = {
						CreatedOnToolsVersion = 6.1.1;
					};
					07EC9E381AA9244200ECDBE9 = {
						CreatedOnToolsVersion = 6.1.1;
						TestTargetID = 07EC9E1F1AA9244200ECDBE9;
					};
				};
			};
			buildConfigurationList = 07EC9E1B1AA9244200ECDBE9 /* Build configuration list for PBXProject "Olivia" */;
			compatibilityVersion = "Xcode 3.2";
			developmentRegion = English;
			hasScannedForEncodings = 0;
			knownRegions = (
				en,
				Base,
			);
			mainGroup = 07EC9E171AA9244200ECDBE9;
			productRefGroup = 07EC9E211AA9244200ECDBE9 /* Products */;
			projectDirPath = "";
			projectRoot = "";
			targets = (
				07EC9E1F1AA9244200ECDBE9 /* Olivia */,
				07EC9E381AA9244200ECDBE9 /* OliviaTests */,
			);
		};
/* End PBXProject section */

/* Begin PBXResourcesBuildPhase section */
		07EC9E1E1AA9244200ECDBE9 /* Resources */ = {
			isa = PBXResourcesBuildPhase;
			buildActionMask = 2147483647;
			files = (
				0705FBC01AAB9FB300956B9B /* OpenSans-Bold.ttf in Resources */,
				0705FBC31AAB9FB300956B9B /* OpenSans-ExtraBoldItalic.ttf in Resources */,
				07EC9E341AA9244200ECDBE9 /* LaunchScreen.xib in Resources */,
				0773300A1AABB169008C7FDC /* LICENSE in Resources */,
				0705FBC41AAB9FB300956B9B /* OpenSans-Italic.ttf in Resources */,
				079F87751AABFDB500283B68 /* OLVTransactionsViewController.xib in Resources */,
				0705FBA01AAB705D00956B9B /* OLVPresentViewController.xib in Resources */,
				0705FB9B1AAB703300956B9B /* OLVEstimateViewController.xib in Resources */,
				0705FB951AAB701000956B9B /* OLVPastViewController.xib in Resources */,
				41C61ADF1AAB852C00BE4626 /* OLVBubbleMessageViewController.xib in Resources */,
				0705FBA61AAB709100956B9B /* OLVOliviaViewController.xib in Resources */,
				0705FBC61AAB9FB300956B9B /* OpenSans-LightItalic.ttf in Resources */,
				0705FBC11AAB9FB300956B9B /* OpenSans-BoldItalic.ttf in Resources */,
				0705FBAF1AAB98B700956B9B /* bar-graph-icon@3x.png in Resources */,
				0705FBC81AAB9FB300956B9B /* OpenSans-Semibold.ttf in Resources */,
				0705FBC51AAB9FB300956B9B /* OpenSans-Light.ttf in Resources */,
				0705FBB11AAB991500956B9B /* estimate-icon@3x.png in Resources */,
				0705FBBF1AAB9FB300956B9B /* Apache License.txt in Resources */,
				07EC9E311AA9244200ECDBE9 /* Images.xcassets in Resources */,
				0705FBC91AAB9FB300956B9B /* OpenSans-SemiboldItalic.ttf in Resources */,
				0705FBAD1AAB7DBA00956B9B /* list-icon@3x.png in Resources */,
				0705FBC71AAB9FB300956B9B /* OpenSans-Regular.ttf in Resources */,
				0705FBC21AAB9FB300956B9B /* OpenSans-ExtraBold.ttf in Resources */,
			);
			runOnlyForDeploymentPostprocessing = 0;
		};
		07EC9E371AA9244200ECDBE9 /* Resources */ = {
			isa = PBXResourcesBuildPhase;
			buildActionMask = 2147483647;
			files = (
			);
			runOnlyForDeploymentPostprocessing = 0;
		};
/* End PBXResourcesBuildPhase section */

/* Begin PBXShellScriptBuildPhase section */
		51185F9B1D14DB14323261F3 /* Embed Pods Frameworks */ = {
			isa = PBXShellScriptBuildPhase;
			buildActionMask = 2147483647;
			files = (
			);
			inputPaths = (
			);
			name = "Embed Pods Frameworks";
			outputPaths = (
			);
			runOnlyForDeploymentPostprocessing = 0;
			shellPath = /bin/sh;
			shellScript = "\"${SRCROOT}/Pods/Target Support Files/Pods/Pods-frameworks.sh\"\n";
			showEnvVarsInLog = 0;
		};
		874B069CCC104708DC99D7FE /* Check Pods Manifest.lock */ = {
			isa = PBXShellScriptBuildPhase;
			buildActionMask = 2147483647;
			files = (
			);
			inputPaths = (
			);
			name = "Check Pods Manifest.lock";
			outputPaths = (
			);
			runOnlyForDeploymentPostprocessing = 0;
			shellPath = /bin/sh;
			shellScript = "diff \"${PODS_ROOT}/../Podfile.lock\" \"${PODS_ROOT}/Manifest.lock\" > /dev/null\nif [[ $? != 0 ]] ; then\n    cat << EOM\nerror: The sandbox is not in sync with the Podfile.lock. Run 'pod install' or update your CocoaPods installation.\nEOM\n    exit 1\nfi\n";
			showEnvVarsInLog = 0;
		};
		89485C3885299B54FB3F0657 /* Copy Pods Resources */ = {
			isa = PBXShellScriptBuildPhase;
			buildActionMask = 2147483647;
			files = (
			);
			inputPaths = (
			);
			name = "Copy Pods Resources";
			outputPaths = (
			);
			runOnlyForDeploymentPostprocessing = 0;
			shellPath = /bin/sh;
			shellScript = "\"${SRCROOT}/Pods/Target Support Files/Pods/Pods-resources.sh\"\n";
			showEnvVarsInLog = 0;
		};
/* End PBXShellScriptBuildPhase section */

/* Begin PBXSourcesBuildPhase section */
		07EC9E1C1AA9244200ECDBE9 /* Sources */ = {
			isa = PBXSourcesBuildPhase;
			buildActionMask = 2147483647;
			files = (
				079F87741AABFDB500283B68 /* OLVTransactionsViewController.m in Sources */,
				0705FB9F1AAB705D00956B9B /* OLVPresentViewController.m in Sources */,
				413043221AAA5A7400834A89 /* ApiAIHelper.m in Sources */,
				075F5DB41AA9935900187CC6 /* OLVTransactions.m in Sources */,
				0773300E1AABC70A008C7FDC /* NSString+Olivia.m in Sources */,
				0705FB8E1AAB6F0500956B9B /* SWRevealViewController.m in Sources */,
				077330071AABB169008C7FDC /* BEMCircle.m in Sources */,
				41E620A81AAC10E9009465E5 /* NSDictionary+Olivia.m in Sources */,
				077330061AABB169008C7FDC /* BEMAnimations.m in Sources */,
				0705FB881AAAF12300956B9B /* OLVDay.m in Sources */,
				07EC9E4D1AA985DB00ECDBE9 /* WebServiceHelper.m in Sources */,
				075F5DB81AA9939800187CC6 /* OLVTransaction.m in Sources */,
				0705FB9A1AAB703300956B9B /* OLVEstimateViewController.m in Sources */,
				077330081AABB169008C7FDC /* BEMLine.m in Sources */,
				0705FBAA1AAB724C00956B9B /* OLVNavigationManager.m in Sources */,
				41C61ADE1AAB852C00BE4626 /* OLVBubbleMessageViewController.m in Sources */,
				07EC9E291AA9244200ECDBE9 /* AppDelegate.m in Sources */,
				077330091AABB169008C7FDC /* BEMSimpleLineGraphView.m in Sources */,
				075F5DB01AA992C900187CC6 /* OLVAccount.m in Sources */,
				075F5DBC1AA99D3A00187CC6 /* OLVSimilarTransactions.m in Sources */,
				0705FBA51AAB709100956B9B /* OLVOliviaViewController.m in Sources */,
				0705FB941AAB701000956B9B /* OLVPastViewController.m in Sources */,
				075F5DAC1AA9929E00187CC6 /* OLVAccounts.m in Sources */,
				0705FB891AAAF12300956B9B /* OLVDayBalances.m in Sources */,
				0705FB7F1AAAE54500956B9B /* OLVUserInfo.m in Sources */,
				079F877B1AAC042500283B68 /* OLVRecurringBill.m in Sources */,
				079F87781AAC00E500283B68 /* OLVGoals.m in Sources */,
				0705FB8A1AAAF12300956B9B /* OLVDays.m in Sources */,
				41C61AD71AAB844C00BE4626 /* OLVBubbleChatModel.m in Sources */,
				41E620AB1AAC2098009465E5 /* OLVTextToSpeech.m in Sources */,
				41E620A51AAC10A0009465E5 /* OLVSpeechResponse.m in Sources */,
				07EC9E261AA9244200ECDBE9 /* main.m in Sources */,
			);
			runOnlyForDeploymentPostprocessing = 0;
		};
		07EC9E351AA9244200ECDBE9 /* Sources */ = {
			isa = PBXSourcesBuildPhase;
			buildActionMask = 2147483647;
			files = (
				075F5DBD1AA99D3A00187CC6 /* OLVSimilarTransactions.m in Sources */,
				075F5DB11AA992C900187CC6 /* OLVAccount.m in Sources */,
				075F5DB91AA9939800187CC6 /* OLVTransaction.m in Sources */,
				07EC9E401AA9244200ECDBE9 /* OliviaTests.m in Sources */,
				075F5DB51AA9935900187CC6 /* OLVTransactions.m in Sources */,
				075F5DAD1AA9929E00187CC6 /* OLVAccounts.m in Sources */,
			);
			runOnlyForDeploymentPostprocessing = 0;
		};
/* End PBXSourcesBuildPhase section */

/* Begin PBXTargetDependency section */
		07EC9E3B1AA9244200ECDBE9 /* PBXTargetDependency */ = {
			isa = PBXTargetDependency;
			target = 07EC9E1F1AA9244200ECDBE9 /* Olivia */;
			targetProxy = 07EC9E3A1AA9244200ECDBE9 /* PBXContainerItemProxy */;
		};
/* End PBXTargetDependency section */

/* Begin PBXVariantGroup section */
		07EC9E321AA9244200ECDBE9 /* LaunchScreen.xib */ = {
			isa = PBXVariantGroup;
			children = (
				07EC9E331AA9244200ECDBE9 /* Base */,
			);
			name = LaunchScreen.xib;
			sourceTree = "<group>";
		};
/* End PBXVariantGroup section */

/* Begin XCBuildConfiguration section */
		07EC9E411AA9244200ECDBE9 /* Debug */ = {
			isa = XCBuildConfiguration;
			buildSettings = {
				ALWAYS_SEARCH_USER_PATHS = NO;
				CLANG_CXX_LANGUAGE_STANDARD = "gnu++0x";
				CLANG_CXX_LIBRARY = "libc++";
				CLANG_ENABLE_MODULES = YES;
				CLANG_ENABLE_OBJC_ARC = YES;
				CLANG_WARN_BOOL_CONVERSION = YES;
				CLANG_WARN_CONSTANT_CONVERSION = YES;
				CLANG_WARN_DIRECT_OBJC_ISA_USAGE = YES_ERROR;
				CLANG_WARN_EMPTY_BODY = YES;
				CLANG_WARN_ENUM_CONVERSION = YES;
				CLANG_WARN_INT_CONVERSION = YES;
				CLANG_WARN_OBJC_ROOT_CLASS = YES_ERROR;
				CLANG_WARN_UNREACHABLE_CODE = YES;
				CLANG_WARN__DUPLICATE_METHOD_MATCH = YES;
				"CODE_SIGN_IDENTITY[sdk=iphoneos*]" = "iPhone Developer";
				COPY_PHASE_STRIP = NO;
				ENABLE_STRICT_OBJC_MSGSEND = YES;
				GCC_C_LANGUAGE_STANDARD = gnu99;
				GCC_DYNAMIC_NO_PIC = NO;
				GCC_OPTIMIZATION_LEVEL = 0;
				GCC_PREPROCESSOR_DEFINITIONS = (
					"DEBUG=1",
					"$(inherited)",
				);
				GCC_SYMBOLS_PRIVATE_EXTERN = NO;
				GCC_WARN_64_TO_32_BIT_CONVERSION = YES;
				GCC_WARN_ABOUT_RETURN_TYPE = YES_ERROR;
				GCC_WARN_UNDECLARED_SELECTOR = YES;
				GCC_WARN_UNINITIALIZED_AUTOS = YES_AGGRESSIVE;
				GCC_WARN_UNUSED_FUNCTION = YES;
				GCC_WARN_UNUSED_VARIABLE = YES;
				IPHONEOS_DEPLOYMENT_TARGET = 8.1;
				MTL_ENABLE_DEBUG_INFO = YES;
				ONLY_ACTIVE_ARCH = YES;
				SDKROOT = iphoneos;
				TARGETED_DEVICE_FAMILY = "1,2";
			};
			name = Debug;
		};
		07EC9E421AA9244200ECDBE9 /* Release */ = {
			isa = XCBuildConfiguration;
			buildSettings = {
				ALWAYS_SEARCH_USER_PATHS = NO;
				CLANG_CXX_LANGUAGE_STANDARD = "gnu++0x";
				CLANG_CXX_LIBRARY = "libc++";
				CLANG_ENABLE_MODULES = YES;
				CLANG_ENABLE_OBJC_ARC = YES;
				CLANG_WARN_BOOL_CONVERSION = YES;
				CLANG_WARN_CONSTANT_CONVERSION = YES;
				CLANG_WARN_DIRECT_OBJC_ISA_USAGE = YES_ERROR;
				CLANG_WARN_EMPTY_BODY = YES;
				CLANG_WARN_ENUM_CONVERSION = YES;
				CLANG_WARN_INT_CONVERSION = YES;
				CLANG_WARN_OBJC_ROOT_CLASS = YES_ERROR;
				CLANG_WARN_UNREACHABLE_CODE = YES;
				CLANG_WARN__DUPLICATE_METHOD_MATCH = YES;
				"CODE_SIGN_IDENTITY[sdk=iphoneos*]" = "iPhone Developer";
				COPY_PHASE_STRIP = YES;
				ENABLE_NS_ASSERTIONS = NO;
				ENABLE_STRICT_OBJC_MSGSEND = YES;
				GCC_C_LANGUAGE_STANDARD = gnu99;
				GCC_WARN_64_TO_32_BIT_CONVERSION = YES;
				GCC_WARN_ABOUT_RETURN_TYPE = YES_ERROR;
				GCC_WARN_UNDECLARED_SELECTOR = YES;
				GCC_WARN_UNINITIALIZED_AUTOS = YES_AGGRESSIVE;
				GCC_WARN_UNUSED_FUNCTION = YES;
				GCC_WARN_UNUSED_VARIABLE = YES;
				IPHONEOS_DEPLOYMENT_TARGET = 8.1;
				MTL_ENABLE_DEBUG_INFO = NO;
				SDKROOT = iphoneos;
				TARGETED_DEVICE_FAMILY = "1,2";
				VALIDATE_PRODUCT = YES;
			};
			name = Release;
		};
		07EC9E441AA9244200ECDBE9 /* Debug */ = {
			isa = XCBuildConfiguration;
			baseConfigurationReference = 01D4F950170B3743D5AD368C /* Pods.debug.xcconfig */;
			buildSettings = {
				ASSETCATALOG_COMPILER_APPICON_NAME = AppIcon;
				FRAMEWORK_SEARCH_PATHS = (
					"$(inherited)",
					"$(PROJECT_DIR)",
				);
				GCC_PRECOMPILE_PREFIX_HEADER = YES;
				GCC_PREFIX_HEADER = "$(SRCROOT)/Olivia/Olivia-Prefix.pch";
				INFOPLIST_FILE = Olivia/Info.plist;
				LD_RUNPATH_SEARCH_PATHS = "$(inherited) @executable_path/Frameworks";
				PRODUCT_NAME = "$(TARGET_NAME)";
			};
			name = Debug;
		};
		07EC9E451AA9244200ECDBE9 /* Release */ = {
			isa = XCBuildConfiguration;
			baseConfigurationReference = 851A4E16C8CAEBF8936C6E7B /* Pods.release.xcconfig */;
			buildSettings = {
				ASSETCATALOG_COMPILER_APPICON_NAME = AppIcon;
				FRAMEWORK_SEARCH_PATHS = (
					"$(inherited)",
					"$(PROJECT_DIR)",
				);
				GCC_PRECOMPILE_PREFIX_HEADER = YES;
				GCC_PREFIX_HEADER = "$(SRCROOT)/Olivia/Olivia-Prefix.pch";
				INFOPLIST_FILE = Olivia/Info.plist;
				LD_RUNPATH_SEARCH_PATHS = "$(inherited) @executable_path/Frameworks";
				PRODUCT_NAME = "$(TARGET_NAME)";
			};
			name = Release;
		};
		07EC9E471AA9244200ECDBE9 /* Debug */ = {
			isa = XCBuildConfiguration;
			buildSettings = {
				BUNDLE_LOADER = "$(TEST_HOST)";
				FRAMEWORK_SEARCH_PATHS = (
					"$(SDKROOT)/Developer/Library/Frameworks",
					"$(inherited)",
				);
				GCC_PREPROCESSOR_DEFINITIONS = (
					"DEBUG=1",
					"$(inherited)",
				);
				INFOPLIST_FILE = OliviaTests/Info.plist;
				LD_RUNPATH_SEARCH_PATHS = "$(inherited) @executable_path/Frameworks @loader_path/Frameworks";
				PRODUCT_NAME = "$(TARGET_NAME)";
				TEST_HOST = "$(BUILT_PRODUCTS_DIR)/Olivia.app/Olivia";
			};
			name = Debug;
		};
		07EC9E481AA9244200ECDBE9 /* Release */ = {
			isa = XCBuildConfiguration;
			buildSettings = {
				BUNDLE_LOADER = "$(TEST_HOST)";
				FRAMEWORK_SEARCH_PATHS = (
					"$(SDKROOT)/Developer/Library/Frameworks",
					"$(inherited)",
				);
				INFOPLIST_FILE = OliviaTests/Info.plist;
				LD_RUNPATH_SEARCH_PATHS = "$(inherited) @executable_path/Frameworks @loader_path/Frameworks";
				PRODUCT_NAME = "$(TARGET_NAME)";
				TEST_HOST = "$(BUILT_PRODUCTS_DIR)/Olivia.app/Olivia";
			};
			name = Release;
		};
/* End XCBuildConfiguration section */

/* Begin XCConfigurationList section */
		07EC9E1B1AA9244200ECDBE9 /* Build configuration list for PBXProject "Olivia" */ = {
			isa = XCConfigurationList;
			buildConfigurations = (
				07EC9E411AA9244200ECDBE9 /* Debug */,
				07EC9E421AA9244200ECDBE9 /* Release */,
			);
			defaultConfigurationIsVisible = 0;
			defaultConfigurationName = Release;
		};
		07EC9E431AA9244200ECDBE9 /* Build configuration list for PBXNativeTarget "Olivia" */ = {
			isa = XCConfigurationList;
			buildConfigurations = (
				07EC9E441AA9244200ECDBE9 /* Debug */,
				07EC9E451AA9244200ECDBE9 /* Release */,
			);
			defaultConfigurationIsVisible = 0;
			defaultConfigurationName = Release;
		};
		07EC9E461AA9244200ECDBE9 /* Build configuration list for PBXNativeTarget "OliviaTests" */ = {
			isa = XCConfigurationList;
			buildConfigurations = (
				07EC9E471AA9244200ECDBE9 /* Debug */,
				07EC9E481AA9244200ECDBE9 /* Release */,
			);
			defaultConfigurationIsVisible = 0;
			defaultConfigurationName = Release;
		};
/* End XCConfigurationList section */
	};
	rootObject = 07EC9E181AA9244200ECDBE9 /* Project object */;
}
